
Microsoft Visual Studio Solution File, Format Version 12.00
# Visual Studio Version 17
VisualStudioVersion = 17.1.32210.238
MinimumVisualStudioVersion = 10.0.40219.1
Project("{9A19103F-16F7-4668-BE54-9A1E7A4F7556}") = "PKHeX_Raid_Plugin", "PKHeX_Raid_Plugin\PKHeX_Raid_Plugin.csproj", "{EC6E434D-101D-4F0C-B5D6-E133B4093A53}"
EndProject
Project("{2150E333-8FDC-42A3-9474-1A3956D46DE8}") = "Solution Items", "Solution Items", "{19015FC8-0E8F-4D8E-B579-423F900DC20A}"
	ProjectSection(SolutionItems) = preProject
		.editorconfig = .editorconfig
	EndProjectSection
EndProject
Global
	GlobalSection(SolutionConfigurationPlatforms) = preSolution
		Debug|x64 = Debug|x64
		Debug|x86 = Debug|x86
		Release|x64 = Release|x64
		Release|x86 = Release|x86
	EndGlobalSection
	GlobalSection(ProjectConfigurationPlatforms) = postSolution
		{EC6E434D-101D-4F0C-B5D6-E133B4093A53}.Debug|x64.ActiveCfg = Debug|x64
		{EC6E434D-101D-4F0C-B5D6-E133B4093A53}.Debug|x64.Build.0 = Debug|x64
		{EC6E434D-101D-4F0C-B5D6-E133B4093A53}.Debug|x86.ActiveCfg = Debug|x86
		{EC6E434D-101D-4F0C-B5D6-E133B4093A53}.Debug|x86.Build.0 = Debug|x86
		{EC6E434D-101D-4F0C-B5D6-E133B4093A53}.Release|x64.ActiveCfg = Release|x64
		{EC6E434D-101D-4F0C-B5D6-E133B4093A53}.Release|x64.Build.0 = Release|x64
		{EC6E434D-101D-4F0C-B5D6-E133B4093A53}.Release|x86.ActiveCfg = Release|x86
		{EC6E434D-101D-4F0C-B5D6-E133B4093A53}.Release|x86.Build.0 = Release|x86
	EndGlobalSection
	GlobalSection(SolutionProperties) = preSolution
		HideSolutionNode = FALSE
	EndGlobalSection
	GlobalSection(ExtensibilityGlobals) = postSolution
		SolutionGuid = {8129AB43-28A8-4381-BA41-1F3D1F1412D8}
	EndGlobalSection
EndGlobal
